{
  "name": "icm-publish",
  "version": "1.0.0",
  "lockfileVersion": 3,
  "requires": true,
  "packages": {
    "": {
      "name": "icm-publish",
      "version": "1.0.0",
      "dependencies": {
        "chrome-webstore-upload": "^3.0.0"
      }
    },
    "node_modules/chrome-webstore-upload": {
      "version": "3.2.0",
      "resolved": "https://registry.npmjs.org/chrome-webstore-upload/-/chrome-webstore-upload-3.2.0.tgz",
      "integrity": "sha512-ghFzqGFpPzEvDfam7qzokj07KsPn39fOdoj9KwqgQdjcHpFCJ1/wnKi2IHP6zCcHKWEBv9vI7VVbllbDRnypXw==",
      "license": "MIT",
      "engines": {
        "node": ">=18"
      },
      "funding": {
        "url": "https://github.com/sponsors/fregante"
      }
    }
  }
}
